// !$*UTF8*$!
{
	archiveVersion = 1;
	classes = {
	};
	objectVersion = 55;
	objects = {

/* Begin PBXBuildFile section */
		B48BB29E28B26EDA00B90364 /* AppDelegate.swift in Sources */ = {isa = PBXBuildFile; fileRef = B48BB29D28B26EDA00B90364 /* AppDelegate.swift */; };
		B48BB2A028B26EDA00B90364 /* SceneDelegate.swift in Sources */ = {isa = PBXBuildFile; fileRef = B48BB29F28B26EDA00B90364 /* SceneDelegate.swift */; };
		B48BB2A228B26EDA00B90364 /* HomeViewController.swift in Sources */ = {isa = PBXBuildFile; fileRef = B48BB2A128B26EDA00B90364 /* HomeViewController.swift */; };
		B48BB2A728B26EDC00B90364 /* Assets.xcassets in Resources */ = {isa = PBXBuildFile; fileRef = B48BB2A628B26EDC00B90364 /* Assets.xcassets */; };
		B48BB2AA28B26EDC00B90364 /* LaunchScreen.storyboard in Resources */ = {isa = PBXBuildFile; fileRef = B48BB2A828B26EDC00B90364 /* LaunchScreen.storyboard */; };
		B48BB2B228B271CA00B90364 /* CustomNavigationController.swift in Sources */ = {isa = PBXBuildFile; fileRef = B48BB2B128B271CA00B90364 /* CustomNavigationController.swift */; };
		B48BB2B528B272F000B90364 /* DetailViewController.swift in Sources */ = {isa = PBXBuildFile; fileRef = B48BB2B428B272F000B90364 /* DetailViewController.swift */; };
		B48BB2B728B2731800B90364 /* HomeView.swift in Sources */ = {isa = PBXBuildFile; fileRef = B48BB2B628B2731800B90364 /* HomeView.swift */; };
		B48BB2B928B27ED300B90364 /* LayoutView.swift in Sources */ = {isa = PBXBuildFile; fileRef = B48BB2B828B27ED300B90364 /* LayoutView.swift */; };
/* End PBXBuildFile section */

/* Begin PBXFileReference section */
		B48BB29A28B26EDA00B90364 /* navigationBariOS13.app */ = {isa = PBXFileReference; explicitFileType = wrapper.application; includeInIndex = 0; path = navigationBariOS13.app; sourceTree = BUILT_PRODUCTS_DIR; };
		B48BB29D28B26EDA00B90364 /* AppDelegate.swift */ = {isa = PBXFileReference; lastKnownFileType = sourcecode.swift; path = AppDelegate.swift; sourceTree = "<group>"; };
		B48BB29F28B26EDA00B90364 /* SceneDelegate.swift */ = {isa = PBXFileReference; lastKnownFileType = sourcecode.swift; path = SceneDelegate.swift; sourceTree = "<group>"; };
		B48BB2A128B26EDA00B90364 /* HomeViewController.swift */ = {isa = PBXFileReference; lastKnownFileType = sourcecode.swift; path = HomeViewController.swift; sourceTree = "<group>"; };
		B48BB2A628B26EDC00B90364 /* Assets.xcassets */ = {isa = PBXFileReference; lastKnownFileType = folder.assetcatalog; path = Assets.xcassets; sourceTree = "<group>"; };
		B48BB2A928B26EDC00B90364 /* Base */ = {isa = PBXFileReference; lastKnownFileType = file.storyboard; name = Base; path = Base.lproj/LaunchScreen.storyboard; sourceTree = "<group>"; };
		B48BB2AB28B26EDC00B90364 /* Info.plist */ = {isa = PBXFileReference; lastKnownFileType = text.plist.xml; path = Info.plist; sourceTree = "<group>"; };
		B48BB2B128B271CA00B90364 /* CustomNavigationController.swift */ = {isa = PBXFileReference; lastKnownFileType = sourcecode.swift; path = CustomNavigationController.swift; sourceTree = "<group>"; };
		B48BB2B428B272F000B90364 /* DetailViewController.swift */ = {isa = PBXFileReference; lastKnownFileType = sourcecode.swift; path = DetailViewController.swift; sourceTree = "<group>"; };
		B48BB2B628B2731800B90364 /* HomeView.swift */ = {isa = PBXFileReference; lastKnownFileType = sourcecode.swift; path = HomeView.swift; sourceTree = "<group>"; };
		B48BB2B828B27ED300B90364 /* LayoutView.swift */ = {isa = PBXFileReference; lastKnownFileType = sourcecode.swift; path = LayoutView.swift; sourceTree = "<group>"; };
/* End PBXFileReference section */

/* Begin PBXFrameworksBuildPhase section */
		B48BB29728B26EDA00B90364 /* Frameworks */ = {
			isa = PBXFrameworksBuildPhase;
			buildActionMask = 2147483647;
			files = (
			);
			runOnlyForDeploymentPostprocessing = 0;
		};
/* End PBXFrameworksBuildPhase section */

/* Begin PBXGroup section */
		B48BB29128B26EDA00B90364 = {
			isa = PBXGroup;
			children = (
				B48BB29C28B26EDA00B90364 /* navigationBariOS13 */,
				B48BB29B28B26EDA00B90364 /* Products */,
			);
			sourceTree = "<group>";
		};
		B48BB29B28B26EDA00B90364 /* Products */ = {
			isa = PBXGroup;
			children = (
				B48BB29A28B26EDA00B90364 /* navigationBariOS13.app */,
			);
			name = Products;
			sourceTree = "<group>";
		};
		B48BB29C28B26EDA00B90364 /* navigationBariOS13 */ = {
			isa = PBXGroup;
			children = (
				B48BB29D28B26EDA00B90364 /* AppDelegate.swift */,
				B48BB29F28B26EDA00B90364 /* SceneDelegate.swift */,
				B48BB2B128B271CA00B90364 /* CustomNavigationController.swift */,
				B48BB2A128B26EDA00B90364 /* HomeViewController.swift */,
				B48BB2A628B26EDC00B90364 /* Assets.xcassets */,
				B48BB2A828B26EDC00B90364 /* LaunchScreen.storyboard */,
				B48BB2AB28B26EDC00B90364 /* Info.plist */,
				B48BB2B428B272F000B90364 /* DetailViewController.swift */,
				B48BB2B628B2731800B90364 /* HomeView.swift */,
				B48BB2B828B27ED300B90364 /* LayoutView.swift */,
			);
			path = navigationBariOS13;
			sourceTree = "<group>";
		};
/* End PBXGroup section */

/* Begin PBXNativeTarget section */
		B48BB29928B26EDA00B90364 /* navigationBariOS13 */ = {
			isa = PBXNativeTarget;
			buildConfigurationList = B48BB2AE28B26EDC00B90364 /* Build configuration list for PBXNativeTarget "navigationBariOS13" */;
			buildPhases = (
				B48BB29628B26EDA00B90364 /* Sources */,
				B48BB29728B26EDA00B90364 /* Frameworks */,
				B48BB29828B26EDA00B90364 /* Resources */,
			);
			buildRules = (
			);
			dependencies = (
			);
			name = navigationBariOS13;
			productName = navigationBariOS13;
			productReference = B48BB29A28B26EDA00B90364 /* navigationBariOS13.app */;
			productType = "com.apple.product-type.application";
		};
/* End PBXNativeTarget section */

/* Begin PBXProject section */
		B48BB29228B26EDA00B90364 /* Project object */ = {
			isa = PBXProject;
			attributes = {
				BuildIndependentTargetsInParallel = 1;
				LastSwiftUpdateCheck = 1340;
				LastUpgradeCheck = 1340;
				TargetAttributes = {
					B48BB29928B26EDA00B90364 = {
						CreatedOnToolsVersion = 13.4.1;
					};
				};
			};
			buildConfigurationList = B48BB29528B26EDA00B90364 /* Build configuration list for PBXProject "navigationBariOS13" */;
			compatibilityVersion = "Xcode 13.0";
			developmentRegion = en;
			hasScannedForEncodings = 0;
			knownRegions = (
				en,
				Base,
			);
			mainGroup = B48BB29128B26EDA00B90364;
			productRefGroup = B48BB29B28B26EDA00B90364 /* Products */;
			projectDirPath = "";
			projectRoot = "";
			targets = (
				B48BB29928B26EDA00B90364 /* navigationBariOS13 */,
			);
		};
/* End PBXProject section */

/* Begin PBXResourcesBuildPhase section */
		B48BB29828B26EDA00B90364 /* Resources */ = {
			isa = PBXResourcesBuildPhase;
			buildActionMask = 2147483647;
			files = (
				B48BB2AA28B26EDC00B90364 /* LaunchScreen.storyboard in Resources */,
				B48BB2A728B26EDC00B90364 /* Assets.xcassets in Resources */,
			);
			runOnlyForDeploymentPostprocessing = 0;
		};
/* End PBXResourcesBuildPhase section */

/* Begin PBXSourcesBuildPhase section */
		B48BB29628B26EDA00B90364 /* Sources */ = {
			isa = PBXSourcesBuildPhase;
			buildActionMask = 2147483647;
			files = (
				B48BB2B228B271CA00B90364 /* CustomNavigationController.swift in Sources */,
				B48BB2A228B26EDA00B90364 /* HomeViewController.swift in Sources */,
				B48BB2B528B272F000B90364 /* DetailViewController.swift in Sources */,
				B48BB2B728B2731800B90364 /* HomeView.swift in Sources */,
				B48BB29E28B26EDA00B90364 /* AppDelegate.swift in Sources */,
				B48BB2B928B27ED300B90364 /* LayoutView.swift in Sources */,
				B48BB2A028B26EDA00B90364 /* SceneDelegate.swift in Sources */,
			);
			runOnlyForDeploymentPostprocessing = 0;
		};
/* End PBXSourcesBuildPhase section */

/* Begin PBXVariantGroup section */
		B48BB2A828B26EDC00B90364 /* LaunchScreen.storyboard */ = {
			isa = PBXVariantGroup;
			children = (
				B48BB2A928B26EDC00B90364 /* Base */,
			);
			name = LaunchScreen.storyboard;
			sourceTree = "<group>";
		};
/* End PBXVariantGroup section */

/* Begin XCBuildConfiguration section */
		B48BB2AC28B26EDC00B90364 /* Debug */ = {
			isa = XCBuildConfiguration;
			buildSettings = {
				ALWAYS_SEARCH_USER_PATHS = NO;
				CLANG_ANALYZER_NONNULL = YES;
				CLANG_ANALYZER_NUMBER_OBJECT_CONVERSION = YES_AGGRESSIVE;
				CLANG_CXX_LANGUAGE_STANDARD = "gnu++17";
				CLANG_ENABLE_MODULES = YES;
				CLANG_ENABLE_OBJC_ARC = YES;
				CLANG_ENABLE_OBJC_WEAK = YES;
				CLANG_WARN_BLOCK_CAPTURE_AUTORELEASING = YES;
				CLANG_WARN_BOOL_CONVERSION = YES;
				CLANG_WARN_COMMA = YES;
				CLANG_WARN_CONSTANT_CONVERSION = YES;
				CLANG_WARN_DEPRECATED_OBJC_IMPLEMENTATIONS = YES;
				CLANG_WARN_DIRECT_OBJC_ISA_USAGE = YES_ERROR;
				CLANG_WARN_DOCUMENTATION_COMMENTS = YES;
				CLANG_WARN_EMPTY_BODY = YES;
				CLANG_WARN_ENUM_CONVERSION = YES;
				CLANG_WARN_INFINITE_RECURSION = YES;
				CLANG_WARN_INT_CONVERSION = YES;
				CLANG_WARN_NON_LITERAL_NULL_CONVERSION = YES;
				CLANG_WARN_OBJC_IMPLICIT_RETAIN_SELF = YES;
				CLANG_WARN_OBJC_LITERAL_CONVERSION = YES;
				CLANG_WARN_OBJC_ROOT_CLASS = YES_ERROR;
				CLANG_WARN_QUOTED_INCLUDE_IN_FRAMEWORK_HEADER = YES;
				CLANG_WARN_RANGE_LOOP_ANALYSIS = YES;
				CLANG_WARN_STRICT_PROTOTYPES = YES;
				CLANG_WARN_SUSPICIOUS_MOVE = YES;
				CLANG_WARN_UNGUARDED_AVAILABILITY = YES_AGGRESSIVE;
				CLANG_WARN_UNREACHABLE_CODE = YES;
				CLANG_WARN__DUPLICATE_METHOD_MATCH = YES;
				COPY_PHASE_STRIP = NO;
				DEBUG_INFORMATION_FORMAT = dwarf;
				ENABLE_STRICT_OBJC_MSGSEND = YES;
				ENABLE_TESTABILITY = YES;
				GCC_C_LANGUAGE_STANDARD = gnu11;
				GCC_DYNAMIC_NO_PIC = NO;
				GCC_NO_COMMON_BLOCKS = YES;
				GCC_OPTIMIZATION_LEVEL = 0;
				GCC_PREPROCESSOR_DEFINITIONS = (
					"DEBUG=1",
					"$(inherited)",
				);
				GCC_WARN_64_TO_32_BIT_CONVERSION = YES;
				GCC_WARN_ABOUT_RETURN_TYPE = YES_ERROR;
				GCC_WARN_UNDECLARED_SELECTOR = YES;
				GCC_WARN_UNINITIALIZED_AUTOS = YES_AGGRESSIVE;
				GCC_WARN_UNUSED_FUNCTION = YES;
				GCC_WARN_UNUSED_VARIABLE = YES;
				IPHONEOS_DEPLOYMENT_TARGET = 15.5;
				MTL_ENABLE_DEBUG_INFO = INCLUDE_SOURCE;
				MTL_FAST_MATH = YES;
				ONLY_ACTIVE_ARCH = YES;
				SDKROOT = iphoneos;
				SWIFT_ACTIVE_COMPILATION_CONDITIONS = DEBUG;
				SWIFT_OPTIMIZATION_LEVEL = "-Onone";
			};
			name = Debug;
		};
		B48BB2AD28B26EDC00B90364 /* Release */ = {
			isa = XCBuildConfiguration;
			buildSettings = {
				ALWAYS_SEARCH_USER_PATHS = NO;
				CLANG_ANALYZER_NONNULL = YES;
				CLANG_ANALYZER_NUMBER_OBJECT_CONVERSION = YES_AGGRESSIVE;
				CLANG_CXX_LANGUAGE_STANDARD = "gnu++17";
				CLANG_ENABLE_MODULES = YES;
				CLANG_ENABLE_OBJC_ARC = YES;
				CLANG_ENABLE_OBJC_WEAK = YES;
				CLANG_WARN_BLOCK_CAPTURE_AUTORELEASING = YES;
				CLANG_WARN_BOOL_CONVERSION = YES;
				CLANG_WARN_COMMA = YES;
				CLANG_WARN_CONSTANT_CONVERSION = YES;
				CLANG_WARN_DEPRECATED_OBJC_IMPLEMENTATIONS = YES;
				CLANG_WARN_DIRECT_OBJC_ISA_USAGE = YES_ERROR;
				CLANG_WARN_DOCUMENTATION_COMMENTS = YES;
				CLANG_WARN_EMPTY_BODY = YES;
				CLANG_WARN_ENUM_CONVERSION = YES;
				CLANG_WARN_INFINITE_RECURSION = YES;
				CLANG_WARN_INT_CONVERSION = YES;
				CLANG_WARN_NON_LITERAL_NULL_CONVERSION = YES;
				CLANG_WARN_OBJC_IMPLICIT_RETAIN_SELF = YES;
				CLANG_WARN_OBJC_LITERAL_CONVERSION = YES;
				CLANG_WARN_OBJC_ROOT_CLASS = YES_ERROR;
				CLANG_WARN_QUOTED_INCLUDE_IN_FRAMEWORK_HEADER = YES;
				CLANG_WARN_RANGE_LOOP_ANALYSIS = YES;
				CLANG_WARN_STRICT_PROTOTYPES = YES;
				CLANG_WARN_SUSPICIOUS_MOVE = YES;
				CLANG_WARN_UNGUARDED_AVAILABILITY = YES_AGGRESSIVE;
				CLANG_WARN_UNREACHABLE_CODE = YES;
				CLANG_WARN__DUPLICATE_METHOD_MATCH = YES;
				COPY_PHASE_STRIP = NO;
				DEBUG_INFORMATION_FORMAT = "dwarf-with-dsym";
				ENABLE_NS_ASSERTIONS = NO;
				ENABLE_STRICT_OBJC_MSGSEND = YES;
				GCC_C_LANGUAGE_STANDARD = gnu11;
				GCC_NO_COMMON_BLOCKS = YES;
				GCC_WARN_64_TO_32_BIT_CONVERSION = YES;
				GCC_WARN_ABOUT_RETURN_TYPE = YES_ERROR;
				GCC_WARN_UNDECLARED_SELECTOR = YES;
				GCC_WARN_UNINITIALIZED_AUTOS = YES_AGGRESSIVE;
				GCC_WARN_UNUSED_FUNCTION = YES;
				GCC_WARN_UNUSED_VARIABLE = YES;
				IPHONEOS_DEPLOYMENT_TARGET = 15.5;
				MTL_ENABLE_DEBUG_INFO = NO;
				MTL_FAST_MATH = YES;
				SDKROOT = iphoneos;
				SWIFT_COMPILATION_MODE = wholemodule;
				SWIFT_OPTIMIZATION_LEVEL = "-O";
				VALIDATE_PRODUCT = YES;
			};
			name = Release;
		};
		B48BB2AF28B26EDC00B90364 /* Debug */ = {
			isa = XCBuildConfiguration;
			buildSettings = {
				ASSETCATALOG_COMPILER_APPICON_NAME = AppIcon;
				ASSETCATALOG_COMPILER_GLOBAL_ACCENT_COLOR_NAME = AccentColor;
				CODE_SIGN_STYLE = Automatic;
				CURRENT_PROJECT_VERSION = 1;
				DEVELOPMENT_TEAM = TA48V9TKT7;
				GENERATE_INFOPLIST_FILE = YES;
				INFOPLIST_FILE = navigationBariOS13/Info.plist;
				INFOPLIST_KEY_UIApplicationSupportsIndirectInputEvents = YES;
				INFOPLIST_KEY_UILaunchStoryboardName = LaunchScreen;
				INFOPLIST_KEY_UISupportedInterfaceOrientations_iPad = "UIInterfaceOrientationPortrait UIInterfaceOrientationPortraitUpsideDown UIInterfaceOrientationLandscapeLeft UIInterfaceOrientationLandscapeRight";
				INFOPLIST_KEY_UISupportedInterfaceOrientations_iPhone = "UIInterfaceOrientationPortrait UIInterfaceOrientationLandscapeLeft UIInterfaceOrientationLandscapeRight";
				LD_RUNPATH_SEARCH_PATHS = (
					"$(inherited)",
					"@executable_path/Frameworks",
				);
				MARKETING_VERSION = 1.0;
				PRODUCT_BUNDLE_IDENTIFIER = br.com.anderson.chagas.navigationBariOS13;
				PRODUCT_NAME = "$(TARGET_NAME)";
				SWIFT_EMIT_LOC_STRINGS = YES;
				SWIFT_VERSION = 5.0;
				TARGETED_DEVICE_FAMILY = "1,2";
			};
			name = Debug;
		};
		B48BB2B028B26EDC00B90364 /* Release */ = {
			isa = XCBuildConfiguration;
			buildSettings = {
				ASSETCATALOG_COMPILER_APPICON_NAME = AppIcon;
				ASSETCATALOG_COMPILER_GLOBAL_ACCENT_COLOR_NAME = AccentColor;
				CODE_SIGN_STYLE = Automatic;
				CURRENT_PROJECT_VERSION = 1;
				DEVELOPMENT_TEAM = TA48V9TKT7;
				GENERATE_INFOPLIST_FILE = YES;
				INFOPLIST_FILE = navigationBariOS13/Info.plist;
				INFOPLIST_KEY_UIApplicationSupportsIndirectInputEvents = YES;
				INFOPLIST_KEY_UILaunchStoryboardName = LaunchScreen;
				INFOPLIST_KEY_UISupportedInterfaceOrientations_iPad = "UIInterfaceOrientationPortrait UIInterfaceOrientationPortraitUpsideDown UIInterfaceOrientationLandscapeLeft UIInterfaceOrientationLandscapeRight";
				INFOPLIST_KEY_UISupportedInterfaceOrientations_iPhone = "UIInterfaceOrientationPortrait UIInterfaceOrientationLandscapeLeft UIInterfaceOrientationLandscapeRight";
				LD_RUNPATH_SEARCH_PATHS = (
					"$(inherited)",
					"@executable_path/Frameworks",
				);
				MARKETING_VERSION = 1.0;
				PRODUCT_BUNDLE_IDENTIFIER = br.com.anderson.chagas.navigationBariOS13;
				PRODUCT_NAME = "$(TARGET_NAME)";
				SWIFT_EMIT_LOC_STRINGS = YES;
				SWIFT_VERSION = 5.0;
				TARGETED_DEVICE_FAMILY = "1,2";
			};
			name = Release;
		};
/* End XCBuildConfiguration section */

/* Begin XCConfigurationList section */
		B48BB29528B26EDA00B90364 /* Build configuration list for PBXProject "navigationBariOS13" */ = {
			isa = XCConfigurationList;
			buildConfigurations = (
				B48BB2AC28B26EDC00B90364 /* Debug */,
				B48BB2AD28B26EDC00B90364 /* Release */,
			);
			defaultConfigurationIsVisible = 0;
			defaultConfigurationName = Release;
		};
		B48BB2AE28B26EDC00B90364 /* Build configuration list for PBXNativeTarget "navigationBariOS13" */ = {
			isa = XCConfigurationList;
			buildConfigurations = (
				B48BB2AF28B26EDC00B90364 /* Debug */,
				B48BB2B028B26EDC00B90364 /* Release */,
			);
			defaultConfigurationIsVisible = 0;
			defaultConfigurationName = Release;
		};
/* End XCConfigurationList section */
	};
	rootObject = B48BB29228B26EDA00B90364 /* Project object */;
}
